
Microsoft Visual Studio Solution File, Format Version 12.00
# Visual Studio Version 16
VisualStudioVersion = 16.0.30204.135
MinimumVisualStudioVersion = 10.0.40219.1
Project("{FAE04EC0-301F-11D3-BF4B-00C04F79EFBC}") = "AdjacentElementsProduct", "AdjacentElementsProduct\AdjacentElementsProduct.csproj", "{820F0820-C7A9-463B-BA05-792CAC98B5B8}"
EndProject
Global
	GlobalSection(SolutionConfigurationPlatforms) = preSolution
		Debug|Any CPU = Debug|Any CPU
		Release|Any CPU = Release|Any CPU
	EndGlobalSection
	GlobalSection(ProjectConfigurationPlatforms) = postSolution
		{820F0820-C7A9-463B-BA05-792CAC98B5B8}.Debug|Any CPU.ActiveCfg = Debug|Any CPU
		{820F0820-C7A9-463B-BA05-792CAC98B5B8}.Debug|Any CPU.Build.0 = Debug|Any CPU
		{820F0820-C7A9-463B-BA05-792CAC98B5B8}.Release|Any CPU.ActiveCfg = Release|Any CPU
		{820F0820-C7A9-463B-BA05-792CAC98B5B8}.Release|Any CPU.Build.0 = Release|Any CPU
	EndGlobalSection
	GlobalSection(SolutionProperties) = preSolution
		HideSolutionNode = FALSE
	EndGlobalSection
	GlobalSection(ExtensibilityGlobals) = postSolution
		SolutionGuid = {C3C7C946-D3EF-41A7-8231-81ED0FE656B1}
	EndGlobalSection
EndGlobal
